
Microsoft Visual Studio Solution File, Format Version 12.00
# Visual Studio 14
VisualStudioVersion = 14.0.23107.0
MinimumVisualStudioVersion = 10.0.40219.1
Project("{FAE04EC0-301F-11D3-BF4B-00C04F79EFBC}") = "180226事件", "WindowsFormsApplication1\180226事件.csproj", "{90D07730-E670-4740-9327-D7318F88D17A}"
EndProject
Project("{FAE04EC0-301F-11D3-BF4B-00C04F79EFBC}") = "180226-2三连击事件", "180226-2三连击事件\180226-2三连击事件.csproj", "{15A4CE58-3FAF-44FA-ABFB-4DEB2E2ECA18}"
EndProject
Project("{FAE04EC0-301F-11D3-BF4B-00C04F79EFBC}") = "180226-3自定义验证控件事件", "180226-3自定义验证控件事件\180226-3自定义验证控件事件.csproj", "{25524D5A-E2E5-4E22-AD82-DC41498ED401}"
EndProject
Project("{FAE04EC0-301F-11D3-BF4B-00C04F79EFBC}") = "180226-04自定义验证控件事件2", "180226-04自定义验证控件事件2\180226-04自定义验证控件事件2.csproj", "{E5A17371-1BBF-474E-ACE7-3A0CB3DF9830}"
EndProject
Project("{FAE04EC0-301F-11D3-BF4B-00C04F79EFBC}") = "180226-4反射", "180226-4反射\180226-4反射.csproj", "{36AF5B7E-456F-4343-907F-B7CFCA07233E}"
EndProject
Project("{FAE04EC0-301F-11D3-BF4B-00C04F79EFBC}") = "TestLib", "180226-04类库TestLib\TestLib.csproj", "{9150FB7E-8911-4B21-A7F2-593AC03415D1}"
EndProject
Project("{FAE04EC0-301F-11D3-BF4B-00C04F79EFBC}") = "180226_5_09反射中的一个核心类Type类", "180226_5_09反射中的一个核心类Type类\180226_5_09反射中的一个核心类Type类.csproj", "{7C7FC33B-D672-4FEA-9F90-FDE28094FCAC}"
EndProject
Project("{FAE04EC0-301F-11D3-BF4B-00C04F79EFBC}") = "ProCalculator", "ProCalculator\ProCalculator.csproj", "{C17BA11B-1AC9-4BD9-A9E4-1B86FBAABB71}"
EndProject
Project("{2150E333-8FDC-42A3-9474-1A3956D46DE8}") = "计算器", "计算器", "{A6CE8692-CF95-4DA9-9A5B-46DDFC4AFBDB}"
EndProject
Project("{FAE04EC0-301F-11D3-BF4B-00C04F79EFBC}") = "ProOperation", "ProOperation\ProOperation.csproj", "{606D82BC-C9C2-4C82-94DC-606A50302B71}"
EndProject
Project("{FAE04EC0-301F-11D3-BF4B-00C04F79EFBC}") = "ProFactory", "ProFactory\ProFactory.csproj", "{4CA4A6D3-4349-4816-B20E-A8B327A4C7A6}"
EndProject
Project("{FAE04EC0-301F-11D3-BF4B-00C04F79EFBC}") = "ProAdd", "ProAdd\ProAdd.csproj", "{8586AD1F-41D4-4021-870B-0605C96C633B}"
EndProject
Project("{FAE04EC0-301F-11D3-BF4B-00C04F79EFBC}") = "ProSub", "ProSub\ProSub.csproj", "{D9F40177-67E8-4159-A397-495D37C29B09}"
EndProject
Project("{FAE04EC0-301F-11D3-BF4B-00C04F79EFBC}") = "Cheng", "Cheng\Cheng.csproj", "{6C7BD91E-2987-4983-B9E4-2D6C4823C6A3}"
EndProject
Project("{2150E333-8FDC-42A3-9474-1A3956D46DE8}") = "记事本", "记事本", "{17315454-0560-4A32-AB5A-19CB7D7B35B4}"
EndProject
Project("{FAE04EC0-301F-11D3-BF4B-00C04F79EFBC}") = "记事本", "记事本\记事本.csproj", "{93DDCB83-5A35-4268-8ED3-97F68C8C689C}"
EndProject
Project("{FAE04EC0-301F-11D3-BF4B-00C04F79EFBC}") = "ExtEditorInterFace", "ExtEditorInterFace\ExtEditorInterFace.csproj", "{21130B51-5D58-451F-A15B-7960C97B2DF2}"
EndProject
Project("{FAE04EC0-301F-11D3-BF4B-00C04F79EFBC}") = "NotepadConvertToUpper", "NotepadConvertToUpper\NotepadConvertToUpper.csproj", "{057E2E7E-CF2C-43E7-9EFC-B500AAEEC982}"
EndProject
Project("{FAE04EC0-301F-11D3-BF4B-00C04F79EFBC}") = "NotePadTextStyle", "NotePadTextStyle\NotePadTextStyle.csproj", "{F64B5EB1-B273-4377-A64E-557E2904121D}"
EndProject
Global
	GlobalSection(SolutionConfigurationPlatforms) = preSolution
		Debug|Any CPU = Debug|Any CPU
		Release|Any CPU = Release|Any CPU
	EndGlobalSection
	GlobalSection(ProjectConfigurationPlatforms) = postSolution
		{90D07730-E670-4740-9327-D7318F88D17A}.Debug|Any CPU.ActiveCfg = Debug|Any CPU
		{90D07730-E670-4740-9327-D7318F88D17A}.Debug|Any CPU.Build.0 = Debug|Any CPU
		{90D07730-E670-4740-9327-D7318F88D17A}.Release|Any CPU.ActiveCfg = Release|Any CPU
		{90D07730-E670-4740-9327-D7318F88D17A}.Release|Any CPU.Build.0 = Release|Any CPU
		{15A4CE58-3FAF-44FA-ABFB-4DEB2E2ECA18}.Debug|Any CPU.ActiveCfg = Debug|Any CPU
		{15A4CE58-3FAF-44FA-ABFB-4DEB2E2ECA18}.Debug|Any CPU.Build.0 = Debug|Any CPU
		{15A4CE58-3FAF-44FA-ABFB-4DEB2E2ECA18}.Release|Any CPU.ActiveCfg = Release|Any CPU
		{15A4CE58-3FAF-44FA-ABFB-4DEB2E2ECA18}.Release|Any CPU.Build.0 = Release|Any CPU
		{25524D5A-E2E5-4E22-AD82-DC41498ED401}.Debug|Any CPU.ActiveCfg = Debug|Any CPU
		{25524D5A-E2E5-4E22-AD82-DC41498ED401}.Debug|Any CPU.Build.0 = Debug|Any CPU
		{25524D5A-E2E5-4E22-AD82-DC41498ED401}.Release|Any CPU.ActiveCfg = Release|Any CPU
		{25524D5A-E2E5-4E22-AD82-DC41498ED401}.Release|Any CPU.Build.0 = Release|Any CPU
		{E5A17371-1BBF-474E-ACE7-3A0CB3DF9830}.Debug|Any CPU.ActiveCfg = Debug|Any CPU
		{E5A17371-1BBF-474E-ACE7-3A0CB3DF9830}.Debug|Any CPU.Build.0 = Debug|Any CPU
		{E5A17371-1BBF-474E-ACE7-3A0CB3DF9830}.Release|Any CPU.ActiveCfg = Release|Any CPU
		{E5A17371-1BBF-474E-ACE7-3A0CB3DF9830}.Release|Any CPU.Build.0 = Release|Any CPU
		{36AF5B7E-456F-4343-907F-B7CFCA07233E}.Debug|Any CPU.ActiveCfg = Debug|Any CPU
		{36AF5B7E-456F-4343-907F-B7CFCA07233E}.Debug|Any CPU.Build.0 = Debug|Any CPU
		{36AF5B7E-456F-4343-907F-B7CFCA07233E}.Release|Any CPU.ActiveCfg = Release|Any CPU
		{36AF5B7E-456F-4343-907F-B7CFCA07233E}.Release|Any CPU.Build.0 = Release|Any CPU
		{9150FB7E-8911-4B21-A7F2-593AC03415D1}.Debug|Any CPU.ActiveCfg = Debug|Any CPU
		{9150FB7E-8911-4B21-A7F2-593AC03415D1}.Debug|Any CPU.Build.0 = Debug|Any CPU
		{9150FB7E-8911-4B21-A7F2-593AC03415D1}.Release|Any CPU.ActiveCfg = Release|Any CPU
		{9150FB7E-8911-4B21-A7F2-593AC03415D1}.Release|Any CPU.Build.0 = Release|Any CPU
		{7C7FC33B-D672-4FEA-9F90-FDE28094FCAC}.Debug|Any CPU.ActiveCfg = Debug|Any CPU
		{7C7FC33B-D672-4FEA-9F90-FDE28094FCAC}.Debug|Any CPU.Build.0 = Debug|Any CPU
		{7C7FC33B-D672-4FEA-9F90-FDE28094FCAC}.Release|Any CPU.ActiveCfg = Release|Any CPU
		{7C7FC33B-D672-4FEA-9F90-FDE28094FCAC}.Release|Any CPU.Build.0 = Release|Any CPU
		{C17BA11B-1AC9-4BD9-A9E4-1B86FBAABB71}.Debug|Any CPU.ActiveCfg = Debug|Any CPU
		{C17BA11B-1AC9-4BD9-A9E4-1B86FBAABB71}.Debug|Any CPU.Build.0 = Debug|Any CPU
		{C17BA11B-1AC9-4BD9-A9E4-1B86FBAABB71}.Release|Any CPU.ActiveCfg = Release|Any CPU
		{C17BA11B-1AC9-4BD9-A9E4-1B86FBAABB71}.Release|Any CPU.Build.0 = Release|Any CPU
		{606D82BC-C9C2-4C82-94DC-606A50302B71}.Debug|Any CPU.ActiveCfg = Debug|Any CPU
		{606D82BC-C9C2-4C82-94DC-606A50302B71}.Debug|Any CPU.Build.0 = Debug|Any CPU
		{606D82BC-C9C2-4C82-94DC-606A50302B71}.Release|Any CPU.ActiveCfg = Release|Any CPU
		{606D82BC-C9C2-4C82-94DC-606A50302B71}.Release|Any CPU.Build.0 = Release|Any CPU
		{4CA4A6D3-4349-4816-B20E-A8B327A4C7A6}.Debug|Any CPU.ActiveCfg = Debug|Any CPU
		{4CA4A6D3-4349-4816-B20E-A8B327A4C7A6}.Debug|Any CPU.Build.0 = Debug|Any CPU
		{4CA4A6D3-4349-4816-B20E-A8B327A4C7A6}.Release|Any CPU.ActiveCfg = Release|Any CPU
		{4CA4A6D3-4349-4816-B20E-A8B327A4C7A6}.Release|Any CPU.Build.0 = Release|Any CPU
		{8586AD1F-41D4-4021-870B-0605C96C633B}.Debug|Any CPU.ActiveCfg = Debug|Any CPU
		{8586AD1F-41D4-4021-870B-0605C96C633B}.Debug|Any CPU.Build.0 = Debug|Any CPU
		{8586AD1F-41D4-4021-870B-0605C96C633B}.Release|Any CPU.ActiveCfg = Release|Any CPU
		{8586AD1F-41D4-4021-870B-0605C96C633B}.Release|Any CPU.Build.0 = Release|Any CPU
		{D9F40177-67E8-4159-A397-495D37C29B09}.Debug|Any CPU.ActiveCfg = Debug|Any CPU
		{D9F40177-67E8-4159-A397-495D37C29B09}.Debug|Any CPU.Build.0 = Debug|Any CPU
		{D9F40177-67E8-4159-A397-495D37C29B09}.Release|Any CPU.ActiveCfg = Release|Any CPU
		{D9F40177-67E8-4159-A397-495D37C29B09}.Release|Any CPU.Build.0 = Release|Any CPU
		{6C7BD91E-2987-4983-B9E4-2D6C4823C6A3}.Debug|Any CPU.ActiveCfg = Debug|Any CPU
		{6C7BD91E-2987-4983-B9E4-2D6C4823C6A3}.Debug|Any CPU.Build.0 = Debug|Any CPU
		{6C7BD91E-2987-4983-B9E4-2D6C4823C6A3}.Release|Any CPU.ActiveCfg = Release|Any CPU
		{6C7BD91E-2987-4983-B9E4-2D6C4823C6A3}.Release|Any CPU.Build.0 = Release|Any CPU
		{93DDCB83-5A35-4268-8ED3-97F68C8C689C}.Debug|Any CPU.ActiveCfg = Debug|Any CPU
		{93DDCB83-5A35-4268-8ED3-97F68C8C689C}.Debug|Any CPU.Build.0 = Debug|Any CPU
		{93DDCB83-5A35-4268-8ED3-97F68C8C689C}.Release|Any CPU.ActiveCfg = Release|Any CPU
		{93DDCB83-5A35-4268-8ED3-97F68C8C689C}.Release|Any CPU.Build.0 = Release|Any CPU
		{21130B51-5D58-451F-A15B-7960C97B2DF2}.Debug|Any CPU.ActiveCfg = Debug|Any CPU
		{21130B51-5D58-451F-A15B-7960C97B2DF2}.Debug|Any CPU.Build.0 = Debug|Any CPU
		{21130B51-5D58-451F-A15B-7960C97B2DF2}.Release|Any CPU.ActiveCfg = Release|Any CPU
		{21130B51-5D58-451F-A15B-7960C97B2DF2}.Release|Any CPU.Build.0 = Release|Any CPU
		{057E2E7E-CF2C-43E7-9EFC-B500AAEEC982}.Debug|Any CPU.ActiveCfg = Debug|Any CPU
		{057E2E7E-CF2C-43E7-9EFC-B500AAEEC982}.Debug|Any CPU.Build.0 = Debug|Any CPU
		{057E2E7E-CF2C-43E7-9EFC-B500AAEEC982}.Release|Any CPU.ActiveCfg = Release|Any CPU
		{057E2E7E-CF2C-43E7-9EFC-B500AAEEC982}.Release|Any CPU.Build.0 = Release|Any CPU
		{F64B5EB1-B273-4377-A64E-557E2904121D}.Debug|Any CPU.ActiveCfg = Debug|Any CPU
		{F64B5EB1-B273-4377-A64E-557E2904121D}.Debug|Any CPU.Build.0 = Debug|Any CPU
		{F64B5EB1-B273-4377-A64E-557E2904121D}.Release|Any CPU.ActiveCfg = Release|Any CPU
		{F64B5EB1-B273-4377-A64E-557E2904121D}.Release|Any CPU.Build.0 = Release|Any CPU
	EndGlobalSection
	GlobalSection(SolutionProperties) = preSolution
		HideSolutionNode = FALSE
	EndGlobalSection
	GlobalSection(NestedProjects) = preSolution
		{C17BA11B-1AC9-4BD9-A9E4-1B86FBAABB71} = {A6CE8692-CF95-4DA9-9A5B-46DDFC4AFBDB}
		{606D82BC-C9C2-4C82-94DC-606A50302B71} = {A6CE8692-CF95-4DA9-9A5B-46DDFC4AFBDB}
		{4CA4A6D3-4349-4816-B20E-A8B327A4C7A6} = {A6CE8692-CF95-4DA9-9A5B-46DDFC4AFBDB}
		{8586AD1F-41D4-4021-870B-0605C96C633B} = {A6CE8692-CF95-4DA9-9A5B-46DDFC4AFBDB}
		{D9F40177-67E8-4159-A397-495D37C29B09} = {A6CE8692-CF95-4DA9-9A5B-46DDFC4AFBDB}
		{6C7BD91E-2987-4983-B9E4-2D6C4823C6A3} = {A6CE8692-CF95-4DA9-9A5B-46DDFC4AFBDB}
		{93DDCB83-5A35-4268-8ED3-97F68C8C689C} = {17315454-0560-4A32-AB5A-19CB7D7B35B4}
		{21130B51-5D58-451F-A15B-7960C97B2DF2} = {17315454-0560-4A32-AB5A-19CB7D7B35B4}
		{057E2E7E-CF2C-43E7-9EFC-B500AAEEC982} = {17315454-0560-4A32-AB5A-19CB7D7B35B4}
		{F64B5EB1-B273-4377-A64E-557E2904121D} = {17315454-0560-4A32-AB5A-19CB7D7B35B4}
	EndGlobalSection
EndGlobal
